
Microsoft Visual Studio Solution File, Format Version 12.00
# Visual Studio 2012
Project("{FAE04EC0-301F-11D3-BF4B-00C04F79EFBC}") = "TkbThucHanh", "TkbThucHanh\TkbThucHanh.csproj", "{A40A4464-EA9A-48BC-834D-E7B268AA4C50}"
EndProject
Project("{FAE04EC0-301F-11D3-BF4B-00C04F79EFBC}") = "DluWebHelper", "DluWebHelper\DluWebHelper.csproj", "{97D9B8F9-648F-4122-9E3E-2F7D194E5FBE}"
EndProject
Global
	GlobalSection(SolutionConfigurationPlatforms) = preSolution
		Debug|Any CPU = Debug|Any CPU
		Release|Any CPU = Release|Any CPU
	EndGlobalSection
	GlobalSection(ProjectConfigurationPlatforms) = postSolution
		{A40A4464-EA9A-48BC-834D-E7B268AA4C50}.Debug|Any CPU.ActiveCfg = Debug|Any CPU
		{A40A4464-EA9A-48BC-834D-E7B268AA4C50}.Debug|Any CPU.Build.0 = Debug|Any CPU
		{A40A4464-EA9A-48BC-834D-E7B268AA4C50}.Release|Any CPU.ActiveCfg = Release|Any CPU
		{A40A4464-EA9A-48BC-834D-E7B268AA4C50}.Release|Any CPU.Build.0 = Release|Any CPU
		{97D9B8F9-648F-4122-9E3E-2F7D194E5FBE}.Debug|Any CPU.ActiveCfg = Debug|Any CPU
		{97D9B8F9-648F-4122-9E3E-2F7D194E5FBE}.Debug|Any CPU.Build.0 = Debug|Any CPU
		{97D9B8F9-648F-4122-9E3E-2F7D194E5FBE}.Release|Any CPU.ActiveCfg = Release|Any CPU
		{97D9B8F9-648F-4122-9E3E-2F7D194E5FBE}.Release|Any CPU.Build.0 = Release|Any CPU
	EndGlobalSection
	GlobalSection(SolutionProperties) = preSolution
		HideSolutionNode = FALSE
	EndGlobalSection
EndGlobal
